
Microsoft Visual Studio Solution File, Format Version 12.00
# Visual Studio Version 17
VisualStudioVersion = 17.1.32421.90
MinimumVisualStudioVersion = 10.0.40219.1
Project("{2150E333-8FDC-42A3-9474-1A3956D46DE8}") = "src", "src", "{773515E5-057B-4D1A-ABC1-0A6E7350CB7F}"
EndProject
Project("{9A19103F-16F7-4668-BE54-9A1E7A4F7556}") = "Sample.Api", "src\Sample.Api\Sample.Api.csproj", "{3F34A429-C60C-4994-8994-B1D12F28E1EB}"
EndProject
Project("{2150E333-8FDC-42A3-9474-1A3956D46DE8}") = "tests", "tests", "{002F7004-C2C7-4524-A4C0-45988C33D221}"
EndProject
Project("{2150E333-8FDC-42A3-9474-1A3956D46DE8}") = "docs", "docs", "{44AB8A93-0785-4476-8339-D04C5B0C5283}"
EndProject
Global
	GlobalSection(SolutionConfigurationPlatforms) = preSolution
		Debug|Any CPU = Debug|Any CPU
		Release|Any CPU = Release|Any CPU
	EndGlobalSection
	GlobalSection(ProjectConfigurationPlatforms) = postSolution
		{3F34A429-C60C-4994-8994-B1D12F28E1EB}.Debug|Any CPU.ActiveCfg = Debug|Any CPU
		{3F34A429-C60C-4994-8994-B1D12F28E1EB}.Debug|Any CPU.Build.0 = Debug|Any CPU
		{3F34A429-C60C-4994-8994-B1D12F28E1EB}.Release|Any CPU.ActiveCfg = Release|Any CPU
		{3F34A429-C60C-4994-8994-B1D12F28E1EB}.Release|Any CPU.Build.0 = Release|Any CPU
	EndGlobalSection
	GlobalSection(SolutionProperties) = preSolution
		HideSolutionNode = FALSE
	EndGlobalSection
	GlobalSection(NestedProjects) = preSolution
		{3F34A429-C60C-4994-8994-B1D12F28E1EB} = {773515E5-057B-4D1A-ABC1-0A6E7350CB7F}
	EndGlobalSection
	GlobalSection(ExtensibilityGlobals) = postSolution
		SolutionGuid = {9F9B941C-DFAD-4B29-971E-408AEFE9861C}
	EndGlobalSection
EndGlobal
